
Microsoft Visual Studio Solution File, Format Version 12.00
# Visual Studio Version 17
VisualStudioVersion = 17.0.31903.59
MinimumVisualStudioVersion = 10.0.40219.1
Project("{FAE04EC0-301F-11D3-BF4B-00C04F79EFBC}") = "Tamrin", "Tamrin.csproj", "{95F6248B-EAEC-45B2-91B2-D689FFCB85F1}"
EndProject
Global
	GlobalSection(SolutionConfigurationPlatforms) = preSolution
		Debug|Any CPU = Debug|Any CPU
		Release|Any CPU = Release|Any CPU
	EndGlobalSection
	GlobalSection(ProjectConfigurationPlatforms) = postSolution
		{95F6248B-EAEC-45B2-91B2-D689FFCB85F1}.Debug|Any CPU.ActiveCfg = Debug|Any CPU
		{95F6248B-EAEC-45B2-91B2-D689FFCB85F1}.Debug|Any CPU.Build.0 = Debug|Any CPU
		{95F6248B-EAEC-45B2-91B2-D689FFCB85F1}.Release|Any CPU.ActiveCfg = Release|Any CPU
		{95F6248B-EAEC-45B2-91B2-D689FFCB85F1}.Release|Any CPU.Build.0 = Release|Any CPU
	EndGlobalSection
	GlobalSection(SolutionProperties) = preSolution
		HideSolutionNode = FALSE
	EndGlobalSection
	GlobalSection(ExtensibilityGlobals) = postSolution
		SolutionGuid = {248C074F-A97F-4518-953B-19216131FD6B}
	EndGlobalSection
EndGlobal
